
Microsoft Visual Studio Solution File, Format Version 12.00
# Visual Studio Version 17
VisualStudioVersion = 17.12.35209.166
MinimumVisualStudioVersion = 10.0.40219.1
Project("{888888A0-9F3D-457C-B088-3A5042F75D52}") = "plokkskeem", "plokkskeem.pyproj", "{CF1F268C-BB79-458C-B856-8AC5320DD04D}"
EndProject
Global
	GlobalSection(SolutionConfigurationPlatforms) = preSolution
		Debug|Any CPU = Debug|Any CPU
		Release|Any CPU = Release|Any CPU
	EndGlobalSection
	GlobalSection(ProjectConfigurationPlatforms) = postSolution
		{CF1F268C-BB79-458C-B856-8AC5320DD04D}.Debug|Any CPU.ActiveCfg = Debug|Any CPU
		{CF1F268C-BB79-458C-B856-8AC5320DD04D}.Release|Any CPU.ActiveCfg = Release|Any CPU
	EndGlobalSection
	GlobalSection(SolutionProperties) = preSolution
		HideSolutionNode = FALSE
	EndGlobalSection
	GlobalSection(ExtensibilityGlobals) = postSolution
		SolutionGuid = {D28F672D-1D78-4890-96A3-9400EB4BDBAD}
	EndGlobalSection
EndGlobal
